
Microsoft Visual Studio Solution File, Format Version 12.00
# Visual Studio 15
VisualStudioVersion = 15.0.28010.2036
MinimumVisualStudioVersion = 10.0.40219.1
Project("{FAE04EC0-301F-11D3-BF4B-00C04F79EFBC}") = "4_ZD", "4_ZD\4_ZD.csproj", "{8C27E530-2601-411B-82D2-1305A14B0CED}"
EndProject
Global
	GlobalSection(SolutionConfigurationPlatforms) = preSolution
		Debug|Any CPU = Debug|Any CPU
		Release|Any CPU = Release|Any CPU
	EndGlobalSection
	GlobalSection(ProjectConfigurationPlatforms) = postSolution
		{8C27E530-2601-411B-82D2-1305A14B0CED}.Debug|Any CPU.ActiveCfg = Debug|Any CPU
		{8C27E530-2601-411B-82D2-1305A14B0CED}.Debug|Any CPU.Build.0 = Debug|Any CPU
		{8C27E530-2601-411B-82D2-1305A14B0CED}.Release|Any CPU.ActiveCfg = Release|Any CPU
		{8C27E530-2601-411B-82D2-1305A14B0CED}.Release|Any CPU.Build.0 = Release|Any CPU
	EndGlobalSection
	GlobalSection(SolutionProperties) = preSolution
		HideSolutionNode = FALSE
	EndGlobalSection
	GlobalSection(ExtensibilityGlobals) = postSolution
		SolutionGuid = {41461C10-F27D-458E-9BDB-D4BC17DAC262}
	EndGlobalSection
EndGlobal
